
Microsoft Visual Studio Solution File, Format Version 12.00
# Visual Studio Version 17
VisualStudioVersion = 17.7.34031.279
MinimumVisualStudioVersion = 10.0.40219.1
Project("{FAE04EC0-301F-11D3-BF4B-00C04F79EFBC}") = "Reflection", "Reflection\Reflection.csproj", "{B80F5C34-F9B0-44F9-9B6D-EFAFC4C7BDC0}"
EndProject
Project("{FAE04EC0-301F-11D3-BF4B-00C04F79EFBC}") = "PrintAll", "PrintAll\PrintAll.csproj", "{7444FF0A-2DE2-4F3B-AAC5-D3F8553F2DA5}"
EndProject
Global
	GlobalSection(SolutionConfigurationPlatforms) = preSolution
		Debug|Any CPU = Debug|Any CPU
		Release|Any CPU = Release|Any CPU
	EndGlobalSection
	GlobalSection(ProjectConfigurationPlatforms) = postSolution
		{B80F5C34-F9B0-44F9-9B6D-EFAFC4C7BDC0}.Debug|Any CPU.ActiveCfg = Debug|Any CPU
		{B80F5C34-F9B0-44F9-9B6D-EFAFC4C7BDC0}.Debug|Any CPU.Build.0 = Debug|Any CPU
		{B80F5C34-F9B0-44F9-9B6D-EFAFC4C7BDC0}.Release|Any CPU.ActiveCfg = Release|Any CPU
		{B80F5C34-F9B0-44F9-9B6D-EFAFC4C7BDC0}.Release|Any CPU.Build.0 = Release|Any CPU
		{7444FF0A-2DE2-4F3B-AAC5-D3F8553F2DA5}.Debug|Any CPU.ActiveCfg = Debug|Any CPU
		{7444FF0A-2DE2-4F3B-AAC5-D3F8553F2DA5}.Debug|Any CPU.Build.0 = Debug|Any CPU
		{7444FF0A-2DE2-4F3B-AAC5-D3F8553F2DA5}.Release|Any CPU.ActiveCfg = Release|Any CPU
		{7444FF0A-2DE2-4F3B-AAC5-D3F8553F2DA5}.Release|Any CPU.Build.0 = Release|Any CPU
	EndGlobalSection
	GlobalSection(SolutionProperties) = preSolution
		HideSolutionNode = FALSE
	EndGlobalSection
	GlobalSection(ExtensibilityGlobals) = postSolution
		SolutionGuid = {8147ABC9-CF65-42DB-BA45-F549084F9486}
	EndGlobalSection
EndGlobal
