
Microsoft Visual Studio Solution File, Format Version 12.00
# Visual Studio Version 17
VisualStudioVersion = 17.9.34728.123
MinimumVisualStudioVersion = 10.0.40219.1
Project("{FAE04EC0-301F-11D3-BF4B-00C04F79EFBC}") = "Demo.Web", "Demo.Web\Demo.Web.csproj", "{35CC6C21-44C9-47BF-B1D5-AF020D140548}"
EndProject
Project("{FAE04EC0-301F-11D3-BF4B-00C04F79EFBC}") = "Demo.API", "..\Demo.API\Demo.API.csproj", "{FE999CE0-5A9D-4AE2-BD08-FA28B4166456}"
EndProject
Global
	GlobalSection(SolutionConfigurationPlatforms) = preSolution
		Debug|Any CPU = Debug|Any CPU
		Release|Any CPU = Release|Any CPU
	EndGlobalSection
	GlobalSection(ProjectConfigurationPlatforms) = postSolution
		{35CC6C21-44C9-47BF-B1D5-AF020D140548}.Debug|Any CPU.ActiveCfg = Debug|Any CPU
		{35CC6C21-44C9-47BF-B1D5-AF020D140548}.Debug|Any CPU.Build.0 = Debug|Any CPU
		{35CC6C21-44C9-47BF-B1D5-AF020D140548}.Release|Any CPU.ActiveCfg = Release|Any CPU
		{35CC6C21-44C9-47BF-B1D5-AF020D140548}.Release|Any CPU.Build.0 = Release|Any CPU
		{FE999CE0-5A9D-4AE2-BD08-FA28B4166456}.Debug|Any CPU.ActiveCfg = Debug|Any CPU
		{FE999CE0-5A9D-4AE2-BD08-FA28B4166456}.Debug|Any CPU.Build.0 = Debug|Any CPU
		{FE999CE0-5A9D-4AE2-BD08-FA28B4166456}.Release|Any CPU.ActiveCfg = Release|Any CPU
		{FE999CE0-5A9D-4AE2-BD08-FA28B4166456}.Release|Any CPU.Build.0 = Release|Any CPU
	EndGlobalSection
	GlobalSection(SolutionProperties) = preSolution
		HideSolutionNode = FALSE
	EndGlobalSection
	GlobalSection(ExtensibilityGlobals) = postSolution
		SolutionGuid = {73BC4D0F-79B1-426B-B01C-59DC44E33C58}
	EndGlobalSection
EndGlobal
